// !$*UTF8*$!
{
	archiveVersion = 1;
	classes = {
	};
	objectVersion = 46;
	objects = {

/* Begin PBXBuildFile section */
		092003151DAA9B63008266B8 /* CRBaseNavigationViewController.m in Sources */ = {isa = PBXBuildFile; fileRef = 092003141DAA9B63008266B8 /* CRBaseNavigationViewController.m */; };
		0920032D1DAAA1A6008266B8 /* CRDemoInfoModel.m in Sources */ = {isa = PBXBuildFile; fileRef = 0920032C1DAAA1A6008266B8 /* CRDemoInfoModel.m */; };
		092003551DADC3AA008266B8 /* CRViewController.m in Sources */ = {isa = PBXBuildFile; fileRef = 092003541DADC3AA008266B8 /* CRViewController.m */; };
		092003581DADC3F2008266B8 /* CRItemBriefCollectionViewCell.m in Sources */ = {isa = PBXBuildFile; fileRef = 092003571DADC3F2008266B8 /* CRItemBriefCollectionViewCell.m */; };
		0920035D1DADC74F008266B8 /* CRDefines.m in Sources */ = {isa = PBXBuildFile; fileRef = 0920035C1DADC74F008266B8 /* CRDefines.m */; };
		092003631DADCE2A008266B8 /* CRItemBriefSetcionHeaderView.m in Sources */ = {isa = PBXBuildFile; fileRef = 092003621DADCE2A008266B8 /* CRItemBriefSetcionHeaderView.m */; };
		092A2D0A1DBC9A5C00650DE1 /* CRStaffInfoModel.m in Sources */ = {isa = PBXBuildFile; fileRef = 092A2D091DBC9A5C00650DE1 /* CRStaffInfoModel.m */; };
		092A2D291DBCA51C00650DE1 /* CRCardAnimationViewDemoInfoModel.m in Sources */ = {isa = PBXBuildFile; fileRef = 092A2D0D1DBCA51C00650DE1 /* CRCardAnimationViewDemoInfoModel.m */; };
		092A2D2A1DBCA51C00650DE1 /* CRCardAnimationViewDemoVC.gif in Resources */ = {isa = PBXBuildFile; fileRef = 092A2D0E1DBCA51C00650DE1 /* CRCardAnimationViewDemoVC.gif */; };
		092A2D2B1DBCA51C00650DE1 /* CRCardAnimationViewDemoVC.m in Sources */ = {isa = PBXBuildFile; fileRef = 092A2D101DBCA51C00650DE1 /* CRCardAnimationViewDemoVC.m */; };
		092A2D2C1DBCA51C00650DE1 /* CRImageGradientDemoInfoModel.m in Sources */ = {isa = PBXBuildFile; fileRef = 092A2D131DBCA51C00650DE1 /* CRImageGradientDemoInfoModel.m */; };
		092A2D2D1DBCA51C00650DE1 /* CRImageGradientDemoVC.gif in Resources */ = {isa = PBXBuildFile; fileRef = 092A2D141DBCA51C00650DE1 /* CRImageGradientDemoVC.gif */; };
		092A2D2E1DBCA51C00650DE1 /* CRImageGradientDemoVC.m in Sources */ = {isa = PBXBuildFile; fileRef = 092A2D161DBCA51C00650DE1 /* CRImageGradientDemoVC.m */; };
		092A2D2F1DBCA51C00650DE1 /* README.md in Sources */ = {isa = PBXBuildFile; fileRef = 092A2D171DBCA51C00650DE1 /* README.md */; };
		092A2D301DBCA51C00650DE1 /* CRYFGifDemoViewController.m in Sources */ = {isa = PBXBuildFile; fileRef = 092A2D1A1DBCA51C00650DE1 /* CRYFGifDemoViewController.m */; };
		092A2D311DBCA51C00650DE1 /* GifDemoInfoModel.m in Sources */ = {isa = PBXBuildFile; fileRef = 092A2D1C1DBCA51C00650DE1 /* GifDemoInfoModel.m */; };
		092A2D321DBCA51C00650DE1 /* GifDemoVC.m in Sources */ = {isa = PBXBuildFile; fileRef = 092A2D1E1DBCA51C00650DE1 /* GifDemoVC.m */; };
		092A2D331DBCA51C00650DE1 /* GifPlay.gif in Resources */ = {isa = PBXBuildFile; fileRef = 092A2D1F1DBCA51C00650DE1 /* GifPlay.gif */; };
		092A2D481DBCA54C00650DE1 /* CRBottomPageView.m in Sources */ = {isa = PBXBuildFile; fileRef = 092A2D3C1DBCA54C00650DE1 /* CRBottomPageView.m */; };
		092A2D491DBCA54C00650DE1 /* CRCardViewBack.m in Sources */ = {isa = PBXBuildFile; fileRef = 092A2D3E1DBCA54C00650DE1 /* CRCardViewBack.m */; };
		092A2D4A1DBCA54C00650DE1 /* CRCardViewFront.m in Sources */ = {isa = PBXBuildFile; fileRef = 092A2D401DBCA54C00650DE1 /* CRCardViewFront.m */; };
		092A2D4B1DBCA54C00650DE1 /* CRMusicCardDemoInfoModel.m in Sources */ = {isa = PBXBuildFile; fileRef = 092A2D421DBCA54C00650DE1 /* CRMusicCardDemoInfoModel.m */; };
		092A2D4C1DBCA54C00650DE1 /* CRMusicCardDemoVC.gif in Resources */ = {isa = PBXBuildFile; fileRef = 092A2D431DBCA54C00650DE1 /* CRMusicCardDemoVC.gif */; };
		092A2D4D1DBCA54C00650DE1 /* CRMusicCardDemoVC.m in Sources */ = {isa = PBXBuildFile; fileRef = 092A2D451DBCA54C00650DE1 /* CRMusicCardDemoVC.m */; };
		092A2D4E1DBCA54C00650DE1 /* CRMyCardView.m in Sources */ = {isa = PBXBuildFile; fileRef = 092A2D471DBCA54C00650DE1 /* CRMyCardView.m */; };
		092A2D651DBCA8DA00650DE1 /* README.md in Sources */ = {isa = PBXBuildFile; fileRef = 092A2D5E1DBCA8DA00650DE1 /* README.md */; };
		092A2D661DBCA8DA00650DE1 /* WCLLoadingView.gif in Resources */ = {isa = PBXBuildFile; fileRef = 092A2D5F1DBCA8DA00650DE1 /* WCLLoadingView.gif */; };
		092A2D671DBCA8DA00650DE1 /* WCLLoadingView.swift in Sources */ = {isa = PBXBuildFile; fileRef = 092A2D601DBCA8DA00650DE1 /* WCLLoadingView.swift */; };
		092A2D681DBCA8DA00650DE1 /* WCLLoadingViewDemoInfoModel.m in Sources */ = {isa = PBXBuildFile; fileRef = 092A2D621DBCA8DA00650DE1 /* WCLLoadingViewDemoInfoModel.m */; };
		092A2D691DBCA8DA00650DE1 /* WCLLoadingViewDemoVC.swift in Sources */ = {isa = PBXBuildFile; fileRef = 092A2D631DBCA8DA00650DE1 /* WCLLoadingViewDemoVC.swift */; };
		092A2D6A1DBCA8DA00650DE1 /* WCLLoadingViewDemoVC.xib in Resources */ = {isa = PBXBuildFile; fileRef = 092A2D641DBCA8DA00650DE1 /* WCLLoadingViewDemoVC.xib */; };
		0993B46D1DA9C6790012F962 /* CRBaseViewController.m in Sources */ = {isa = PBXBuildFile; fileRef = 0993B46C1DA9C6790012F962 /* CRBaseViewController.m */; };
		09D168D81DC620210082C35E /* README.md in Sources */ = {isa = PBXBuildFile; fileRef = 09D168D61DC620210082C35E /* README.md */; };
		09EE9BA01DBCE2E400BD81A2 /* README.md in Sources */ = {isa = PBXBuildFile; fileRef = 09EE9B9F1DBCE2E400BD81A2 /* README.md */; };
		09EE9BA21DBCEA5A00BD81A2 /* README.md in Sources */ = {isa = PBXBuildFile; fileRef = 09EE9BA11DBCEA5A00BD81A2 /* README.md */; };
		18D8B62D1DD80BB600C6545D /* CRGatlingView.m in Sources */ = {isa = PBXBuildFile; fileRef = 18D8B62C1DD80BB600C6545D /* CRGatlingView.m */; };
		257751521DC25A790019D38B /* HZLaunchViewDemoInfoModel.m in Sources */ = {isa = PBXBuildFile; fileRef = 2577514F1DC25A790019D38B /* HZLaunchViewDemoInfoModel.m */; };
		257751531DC25A790019D38B /* HZLaunchViewDemoVC.m in Sources */ = {isa = PBXBuildFile; fileRef = 257751511DC25A790019D38B /* HZLaunchViewDemoVC.m */; };
		257751551DC25B070019D38B /* HZLaunchView.gif in Resources */ = {isa = PBXBuildFile; fileRef = 257751541DC25B070019D38B /* HZLaunchView.gif */; };
		366BCD0EA1948D6414619360 /* Pods_CRAnimation_Tests.framework in Frameworks */ = {isa = PBXBuildFile; fileRef = 02449F62305352FC64D71D38 /* Pods_CRAnimation_Tests.framework */; };
		5247C4F81DD212320024DF8B /* GatlingProgress.gif in Resources */ = {isa = PBXBuildFile; fileRef = 5247C4F71DD212320024DF8B /* GatlingProgress.gif */; };
		527FF73C1DD0E9770055026D /* CRGatlingVC.m in Sources */ = {isa = PBXBuildFile; fileRef = 527FF73A1DD0E9770055026D /* CRGatlingVC.m */; };
		527FF7431DD0EBB60055026D /* CRGatlingModel.m in Sources */ = {isa = PBXBuildFile; fileRef = 527FF7421DD0EBB60055026D /* CRGatlingModel.m */; };
		6003F58E195388D20070C39A /* Foundation.framework in Frameworks */ = {isa = PBXBuildFile; fileRef = 6003F58D195388D20070C39A /* Foundation.framework */; };
		6003F590195388D20070C39A /* CoreGraphics.framework in Frameworks */ = {isa = PBXBuildFile; fileRef = 6003F58F195388D20070C39A /* CoreGraphics.framework */; };
		6003F592195388D20070C39A /* UIKit.framework in Frameworks */ = {isa = PBXBuildFile; fileRef = 6003F591195388D20070C39A /* UIKit.framework */; };
		6003F598195388D20070C39A /* InfoPlist.strings in Resources */ = {isa = PBXBuildFile; fileRef = 6003F596195388D20070C39A /* InfoPlist.strings */; };
		6003F59A195388D20070C39A /* main.m in Sources */ = {isa = PBXBuildFile; fileRef = 6003F599195388D20070C39A /* main.m */; };
		6003F59E195388D20070C39A /* CRAppDelegate.m in Sources */ = {isa = PBXBuildFile; fileRef = 6003F59D195388D20070C39A /* CRAppDelegate.m */; };
		6003F5A9195388D20070C39A /* Images.xcassets in Resources */ = {isa = PBXBuildFile; fileRef = 6003F5A8195388D20070C39A /* Images.xcassets */; };
		6003F5B0195388D20070C39A /* XCTest.framework in Frameworks */ = {isa = PBXBuildFile; fileRef = 6003F5AF195388D20070C39A /* XCTest.framework */; };
		6003F5B1195388D20070C39A /* Foundation.framework in Frameworks */ = {isa = PBXBuildFile; fileRef = 6003F58D195388D20070C39A /* Foundation.framework */; };
		6003F5B2195388D20070C39A /* UIKit.framework in Frameworks */ = {isa = PBXBuildFile; fileRef = 6003F591195388D20070C39A /* UIKit.framework */; };
		6003F5BA195388D20070C39A /* InfoPlist.strings in Resources */ = {isa = PBXBuildFile; fileRef = 6003F5B8195388D20070C39A /* InfoPlist.strings */; };
		6003F5BC195388D20070C39A /* Tests.m in Sources */ = {isa = PBXBuildFile; fileRef = 6003F5BB195388D20070C39A /* Tests.m */; };
		973FBA1D1DB244B4003A2C7E /* UIColorExtension.swift in Sources */ = {isa = PBXBuildFile; fileRef = 973FBA1C1DB244B4003A2C7E /* UIColorExtension.swift */; };
		BCFA28746AFD50F5E1BE2C1A /* Pods_CRAnimation_Example.framework in Frameworks */ = {isa = PBXBuildFile; fileRef = 59F56DF0F33F6C42324864D8 /* Pods_CRAnimation_Example.framework */; };
		ED36EAD11DD2AF9A0050416B /* a-diligent-worm-in-iOS.gif in Resources */ = {isa = PBXBuildFile; fileRef = ED36EACA1DD2AF9A0050416B /* a-diligent-worm-in-iOS.gif */; };
		ED36EAD21DD2AF9A0050416B /* CCWormHUDDemoInfoModel.m in Sources */ = {isa = PBXBuildFile; fileRef = ED36EACC1DD2AF9A0050416B /* CCWormHUDDemoInfoModel.m */; };
		ED36EAD31DD2AF9B0050416B /* CCWormHUDDemoVC.m in Sources */ = {isa = PBXBuildFile; fileRef = ED36EACE1DD2AF9A0050416B /* CCWormHUDDemoVC.m */; };
		ED36EAD41DD2AF9B0050416B /* LICENSE.txt in Resources */ = {isa = PBXBuildFile; fileRef = ED36EACF1DD2AF9A0050416B /* LICENSE.txt */; };
		ED36EAD51DD2AF9B0050416B /* README.md in Sources */ = {isa = PBXBuildFile; fileRef = ED36EAD01DD2AF9A0050416B /* README.md */; };
/* End PBXBuildFile section */

/* Begin PBXContainerItemProxy section */
		6003F5B3195388D20070C39A /* PBXContainerItemProxy */ = {
			isa = PBXContainerItemProxy;
			containerPortal = 6003F582195388D10070C39A /* Project object */;
			proxyType = 1;
			remoteGlobalIDString = 6003F589195388D20070C39A;
			remoteInfo = CRAnimation;
		};
/* End PBXContainerItemProxy section */

/* Begin PBXFileReference section */
		01463020E65BA8AF1C4FB5E1 /* CRAnimation.podspec */ = {isa = PBXFileReference; includeInIndex = 1; lastKnownFileType = text; name = CRAnimation.podspec; path = ../CRAnimation.podspec; sourceTree = "<group>"; };
		02449F62305352FC64D71D38 /* Pods_CRAnimation_Tests.framework */ = {isa = PBXFileReference; explicitFileType = wrapper.framework; includeInIndex = 0; path = Pods_CRAnimation_Tests.framework; sourceTree = BUILT_PRODUCTS_DIR; };
		092003131DAA9B63008266B8 /* CRBaseNavigationViewController.h */ = {isa = PBXFileReference; fileEncoding = 4; lastKnownFileType = sourcecode.c.h; path = CRBaseNavigationViewController.h; sourceTree = "<group>"; };
		092003141DAA9B63008266B8 /* CRBaseNavigationViewController.m */ = {isa = PBXFileReference; fileEncoding = 4; lastKnownFileType = sourcecode.c.objc; path = CRBaseNavigationViewController.m; sourceTree = "<group>"; };
		0920032B1DAAA1A6008266B8 /* CRDemoInfoModel.h */ = {isa = PBXFileReference; fileEncoding = 4; lastKnownFileType = sourcecode.c.h; path = CRDemoInfoModel.h; sourceTree = "<group>"; };
		0920032C1DAAA1A6008266B8 /* CRDemoInfoModel.m */ = {isa = PBXFileReference; fileEncoding = 4; lastKnownFileType = sourcecode.c.objc; path = CRDemoInfoModel.m; sourceTree = "<group>"; };
		092003531DADC3AA008266B8 /* CRViewController.h */ = {isa = PBXFileReference; fileEncoding = 4; lastKnownFileType = sourcecode.c.h; path = CRViewController.h; sourceTree = "<group>"; };
		092003541DADC3AA008266B8 /* CRViewController.m */ = {isa = PBXFileReference; fileEncoding = 4; lastKnownFileType = sourcecode.c.objc; path = CRViewController.m; sourceTree = "<group>"; };
		092003561DADC3F2008266B8 /* CRItemBriefCollectionViewCell.h */ = {isa = PBXFileReference; fileEncoding = 4; lastKnownFileType = sourcecode.c.h; path = CRItemBriefCollectionViewCell.h; sourceTree = "<group>"; };
		092003571DADC3F2008266B8 /* CRItemBriefCollectionViewCell.m */ = {isa = PBXFileReference; fileEncoding = 4; lastKnownFileType = sourcecode.c.objc; path = CRItemBriefCollectionViewCell.m; sourceTree = "<group>"; };
		0920035B1DADC74F008266B8 /* CRDefines.h */ = {isa = PBXFileReference; fileEncoding = 4; lastKnownFileType = sourcecode.c.h; path = CRDefines.h; sourceTree = "<group>"; };
		0920035C1DADC74F008266B8 /* CRDefines.m */ = {isa = PBXFileReference; fileEncoding = 4; lastKnownFileType = sourcecode.c.objc; path = CRDefines.m; sourceTree = "<group>"; };
		092003611DADCE2A008266B8 /* CRItemBriefSetcionHeaderView.h */ = {isa = PBXFileReference; fileEncoding = 4; lastKnownFileType = sourcecode.c.h; path = CRItemBriefSetcionHeaderView.h; sourceTree = "<group>"; };
		092003621DADCE2A008266B8 /* CRItemBriefSetcionHeaderView.m */ = {isa = PBXFileReference; fileEncoding = 4; lastKnownFileType = sourcecode.c.objc; path = CRItemBriefSetcionHeaderView.m; sourceTree = "<group>"; };
		092A2D081DBC9A5C00650DE1 /* CRStaffInfoModel.h */ = {isa = PBXFileReference; fileEncoding = 4; lastKnownFileType = sourcecode.c.h; path = CRStaffInfoModel.h; sourceTree = "<group>"; };
		092A2D091DBC9A5C00650DE1 /* CRStaffInfoModel.m */ = {isa = PBXFileReference; fileEncoding = 4; lastKnownFileType = sourcecode.c.objc; path = CRStaffInfoModel.m; sourceTree = "<group>"; };
		092A2D0C1DBCA51C00650DE1 /* CRCardAnimationViewDemoInfoModel.h */ = {isa = PBXFileReference; fileEncoding = 4; lastKnownFileType = sourcecode.c.h; path = CRCardAnimationViewDemoInfoModel.h; sourceTree = "<group>"; };
		092A2D0D1DBCA51C00650DE1 /* CRCardAnimationViewDemoInfoModel.m */ = {isa = PBXFileReference; fileEncoding = 4; lastKnownFileType = sourcecode.c.objc; path = CRCardAnimationViewDemoInfoModel.m; sourceTree = "<group>"; };
		092A2D0E1DBCA51C00650DE1 /* CRCardAnimationViewDemoVC.gif */ = {isa = PBXFileReference; lastKnownFileType = image.gif; path = CRCardAnimationViewDemoVC.gif; sourceTree = "<group>"; };
		092A2D0F1DBCA51C00650DE1 /* CRCardAnimationViewDemoVC.h */ = {isa = PBXFileReference; fileEncoding = 4; lastKnownFileType = sourcecode.c.h; path = CRCardAnimationViewDemoVC.h; sourceTree = "<group>"; };
		092A2D101DBCA51C00650DE1 /* CRCardAnimationViewDemoVC.m */ = {isa = PBXFileReference; fileEncoding = 4; lastKnownFileType = sourcecode.c.objc; path = CRCardAnimationViewDemoVC.m; sourceTree = "<group>"; };
		092A2D121DBCA51C00650DE1 /* CRImageGradientDemoInfoModel.h */ = {isa = PBXFileReference; fileEncoding = 4; lastKnownFileType = sourcecode.c.h; path = CRImageGradientDemoInfoModel.h; sourceTree = "<group>"; };
		092A2D131DBCA51C00650DE1 /* CRImageGradientDemoInfoModel.m */ = {isa = PBXFileReference; fileEncoding = 4; lastKnownFileType = sourcecode.c.objc; path = CRImageGradientDemoInfoModel.m; sourceTree = "<group>"; };
		092A2D141DBCA51C00650DE1 /* CRImageGradientDemoVC.gif */ = {isa = PBXFileReference; lastKnownFileType = image.gif; path = CRImageGradientDemoVC.gif; sourceTree = "<group>"; };
		092A2D151DBCA51C00650DE1 /* CRImageGradientDemoVC.h */ = {isa = PBXFileReference; fileEncoding = 4; lastKnownFileType = sourcecode.c.h; path = CRImageGradientDemoVC.h; sourceTree = "<group>"; };
		092A2D161DBCA51C00650DE1 /* CRImageGradientDemoVC.m */ = {isa = PBXFileReference; fileEncoding = 4; lastKnownFileType = sourcecode.c.objc; path = CRImageGradientDemoVC.m; sourceTree = "<group>"; };
		092A2D171DBCA51C00650DE1 /* README.md */ = {isa = PBXFileReference; fileEncoding = 4; lastKnownFileType = net.daringfireball.markdown; path = README.md; sourceTree = "<group>"; };
		092A2D191DBCA51C00650DE1 /* CRYFGifDemoViewController.h */ = {isa = PBXFileReference; fileEncoding = 4; lastKnownFileType = sourcecode.c.h; path = CRYFGifDemoViewController.h; sourceTree = "<group>"; };
		092A2D1A1DBCA51C00650DE1 /* CRYFGifDemoViewController.m */ = {isa = PBXFileReference; fileEncoding = 4; lastKnownFileType = sourcecode.c.objc; path = CRYFGifDemoViewController.m; sourceTree = "<group>"; };
		092A2D1B1DBCA51C00650DE1 /* GifDemoInfoModel.h */ = {isa = PBXFileReference; fileEncoding = 4; lastKnownFileType = sourcecode.c.h; path = GifDemoInfoModel.h; sourceTree = "<group>"; };
		092A2D1C1DBCA51C00650DE1 /* GifDemoInfoModel.m */ = {isa = PBXFileReference; fileEncoding = 4; lastKnownFileType = sourcecode.c.objc; path = GifDemoInfoModel.m; sourceTree = "<group>"; };
		092A2D1D1DBCA51C00650DE1 /* GifDemoVC.h */ = {isa = PBXFileReference; fileEncoding = 4; lastKnownFileType = sourcecode.c.h; path = GifDemoVC.h; sourceTree = "<group>"; };
		092A2D1E1DBCA51C00650DE1 /* GifDemoVC.m */ = {isa = PBXFileReference; fileEncoding = 4; lastKnownFileType = sourcecode.c.objc; path = GifDemoVC.m; sourceTree = "<group>"; };
		092A2D1F1DBCA51C00650DE1 /* GifPlay.gif */ = {isa = PBXFileReference; lastKnownFileType = image.gif; path = GifPlay.gif; sourceTree = "<group>"; };
		092A2D3B1DBCA54C00650DE1 /* CRBottomPageView.h */ = {isa = PBXFileReference; fileEncoding = 4; lastKnownFileType = sourcecode.c.h; path = CRBottomPageView.h; sourceTree = "<group>"; };
		092A2D3C1DBCA54C00650DE1 /* CRBottomPageView.m */ = {isa = PBXFileReference; fileEncoding = 4; lastKnownFileType = sourcecode.c.objc; path = CRBottomPageView.m; sourceTree = "<group>"; };
		092A2D3D1DBCA54C00650DE1 /* CRCardViewBack.h */ = {isa = PBXFileReference; fileEncoding = 4; lastKnownFileType = sourcecode.c.h; path = CRCardViewBack.h; sourceTree = "<group>"; };
		092A2D3E1DBCA54C00650DE1 /* CRCardViewBack.m */ = {isa = PBXFileReference; fileEncoding = 4; lastKnownFileType = sourcecode.c.objc; path = CRCardViewBack.m; sourceTree = "<group>"; };
		092A2D3F1DBCA54C00650DE1 /* CRCardViewFront.h */ = {isa = PBXFileReference; fileEncoding = 4; lastKnownFileType = sourcecode.c.h; path = CRCardViewFront.h; sourceTree = "<group>"; };
		092A2D401DBCA54C00650DE1 /* CRCardViewFront.m */ = {isa = PBXFileReference; fileEncoding = 4; lastKnownFileType = sourcecode.c.objc; path = CRCardViewFront.m; sourceTree = "<group>"; };
		092A2D411DBCA54C00650DE1 /* CRMusicCardDemoInfoModel.h */ = {isa = PBXFileReference; fileEncoding = 4; lastKnownFileType = sourcecode.c.h; path = CRMusicCardDemoInfoModel.h; sourceTree = "<group>"; };
		092A2D421DBCA54C00650DE1 /* CRMusicCardDemoInfoModel.m */ = {isa = PBXFileReference; fileEncoding = 4; lastKnownFileType = sourcecode.c.objc; path = CRMusicCardDemoInfoModel.m; sourceTree = "<group>"; };
		092A2D431DBCA54C00650DE1 /* CRMusicCardDemoVC.gif */ = {isa = PBXFileReference; lastKnownFileType = image.gif; path = CRMusicCardDemoVC.gif; sourceTree = "<group>"; };
		092A2D441DBCA54C00650DE1 /* CRMusicCardDemoVC.h */ = {isa = PBXFileReference; fileEncoding = 4; lastKnownFileType = sourcecode.c.h; path = CRMusicCardDemoVC.h; sourceTree = "<group>"; };
		092A2D451DBCA54C00650DE1 /* CRMusicCardDemoVC.m */ = {isa = PBXFileReference; fileEncoding = 4; lastKnownFileType = sourcecode.c.objc; path = CRMusicCardDemoVC.m; sourceTree = "<group>"; };
		092A2D461DBCA54C00650DE1 /* CRMyCardView.h */ = {isa = PBXFileReference; fileEncoding = 4; lastKnownFileType = sourcecode.c.h; path = CRMyCardView.h; sourceTree = "<group>"; };
		092A2D471DBCA54C00650DE1 /* CRMyCardView.m */ = {isa = PBXFileReference; fileEncoding = 4; lastKnownFileType = sourcecode.c.objc; path = CRMyCardView.m; sourceTree = "<group>"; };
		092A2D5E1DBCA8DA00650DE1 /* README.md */ = {isa = PBXFileReference; fileEncoding = 4; lastKnownFileType = net.daringfireball.markdown; path = README.md; sourceTree = "<group>"; };
		092A2D5F1DBCA8DA00650DE1 /* WCLLoadingView.gif */ = {isa = PBXFileReference; lastKnownFileType = image.gif; path = WCLLoadingView.gif; sourceTree = "<group>"; };
		092A2D601DBCA8DA00650DE1 /* WCLLoadingView.swift */ = {isa = PBXFileReference; fileEncoding = 4; lastKnownFileType = sourcecode.swift; path = WCLLoadingView.swift; sourceTree = "<group>"; };
		092A2D611DBCA8DA00650DE1 /* WCLLoadingViewDemoInfoModel.h */ = {isa = PBXFileReference; fileEncoding = 4; lastKnownFileType = sourcecode.c.h; path = WCLLoadingViewDemoInfoModel.h; sourceTree = "<group>"; };
		092A2D621DBCA8DA00650DE1 /* WCLLoadingViewDemoInfoModel.m */ = {isa = PBXFileReference; fileEncoding = 4; lastKnownFileType = sourcecode.c.objc; path = WCLLoadingViewDemoInfoModel.m; sourceTree = "<group>"; };
		092A2D631DBCA8DA00650DE1 /* WCLLoadingViewDemoVC.swift */ = {isa = PBXFileReference; fileEncoding = 4; lastKnownFileType = sourcecode.swift; path = WCLLoadingViewDemoVC.swift; sourceTree = "<group>"; };
		092A2D641DBCA8DA00650DE1 /* WCLLoadingViewDemoVC.xib */ = {isa = PBXFileReference; fileEncoding = 4; lastKnownFileType = file.xib; path = WCLLoadingViewDemoVC.xib; sourceTree = "<group>"; };
		0993B46B1DA9C6790012F962 /* CRBaseViewController.h */ = {isa = PBXFileReference; fileEncoding = 4; lastKnownFileType = sourcecode.c.h; path = CRBaseViewController.h; sourceTree = "<group>"; };
		0993B46C1DA9C6790012F962 /* CRBaseViewController.m */ = {isa = PBXFileReference; fileEncoding = 4; lastKnownFileType = sourcecode.c.objc; path = CRBaseViewController.m; sourceTree = "<group>"; };
		09D168D61DC620210082C35E /* README.md */ = {isa = PBXFileReference; fileEncoding = 4; lastKnownFileType = net.daringfireball.markdown; path = README.md; sourceTree = "<group>"; };
		09D937D51DAEAC69007694BA /* README.md */ = {isa = PBXFileReference; fileEncoding = 4; lastKnownFileType = net.daringfireball.markdown; name = README.md; path = ../../README.md; sourceTree = "<group>"; };
		09EE9B9F1DBCE2E400BD81A2 /* README.md */ = {isa = PBXFileReference; fileEncoding = 4; lastKnownFileType = net.daringfireball.markdown; path = README.md; sourceTree = "<group>"; };
		09EE9BA11DBCEA5A00BD81A2 /* README.md */ = {isa = PBXFileReference; fileEncoding = 4; lastKnownFileType = net.daringfireball.markdown; path = README.md; sourceTree = "<group>"; };
		0EE5779AF28D42163CC3E896 /* Pods-CRAnimation_Example.release.xcconfig */ = {isa = PBXFileReference; includeInIndex = 1; lastKnownFileType = text.xcconfig; name = "Pods-CRAnimation_Example.release.xcconfig"; path = "Pods/Target Support Files/Pods-CRAnimation_Example/Pods-CRAnimation_Example.release.xcconfig"; sourceTree = "<group>"; };
		18D8B62B1DD80BB600C6545D /* CRGatlingView.h */ = {isa = PBXFileReference; fileEncoding = 4; lastKnownFileType = sourcecode.c.h; path = CRGatlingView.h; sourceTree = "<group>"; };
		18D8B62C1DD80BB600C6545D /* CRGatlingView.m */ = {isa = PBXFileReference; fileEncoding = 4; lastKnownFileType = sourcecode.c.objc; path = CRGatlingView.m; sourceTree = "<group>"; };
		1C7FE269E5E0C0765014CB0A /* README.md */ = {isa = PBXFileReference; includeInIndex = 1; lastKnownFileType = net.daringfireball.markdown; name = README.md; path = ../README.md; sourceTree = "<group>"; };
		2577514E1DC25A790019D38B /* HZLaunchViewDemoInfoModel.h */ = {isa = PBXFileReference; fileEncoding = 4; lastKnownFileType = sourcecode.c.h; path = HZLaunchViewDemoInfoModel.h; sourceTree = "<group>"; };
		2577514F1DC25A790019D38B /* HZLaunchViewDemoInfoModel.m */ = {isa = PBXFileReference; fileEncoding = 4; lastKnownFileType = sourcecode.c.objc; path = HZLaunchViewDemoInfoModel.m; sourceTree = "<group>"; };
		257751501DC25A790019D38B /* HZLaunchViewDemoVC.h */ = {isa = PBXFileReference; fileEncoding = 4; lastKnownFileType = sourcecode.c.h; path = HZLaunchViewDemoVC.h; sourceTree = "<group>"; };
		257751511DC25A790019D38B /* HZLaunchViewDemoVC.m */ = {isa = PBXFileReference; fileEncoding = 4; lastKnownFileType = sourcecode.c.objc; path = HZLaunchViewDemoVC.m; sourceTree = "<group>"; };
		257751541DC25B070019D38B /* HZLaunchView.gif */ = {isa = PBXFileReference; lastKnownFileType = image.gif; path = HZLaunchView.gif; sourceTree = "<group>"; };
		5247C4F71DD212320024DF8B /* GatlingProgress.gif */ = {isa = PBXFileReference; lastKnownFileType = image.gif; path = GatlingProgress.gif; sourceTree = "<group>"; };
		527FF7391DD0E9770055026D /* CRGatlingVC.h */ = {isa = PBXFileReference; fileEncoding = 4; lastKnownFileType = sourcecode.c.h; path = CRGatlingVC.h; sourceTree = "<group>"; };
		527FF73A1DD0E9770055026D /* CRGatlingVC.m */ = {isa = PBXFileReference; fileEncoding = 4; lastKnownFileType = sourcecode.c.objc; path = CRGatlingVC.m; sourceTree = "<group>"; };
		527FF7411DD0EBB60055026D /* CRGatlingModel.h */ = {isa = PBXFileReference; fileEncoding = 4; lastKnownFileType = sourcecode.c.h; path = CRGatlingModel.h; sourceTree = "<group>"; };
		527FF7421DD0EBB60055026D /* CRGatlingModel.m */ = {isa = PBXFileReference; fileEncoding = 4; lastKnownFileType = sourcecode.c.objc; path = CRGatlingModel.m; sourceTree = "<group>"; };
		59F56DF0F33F6C42324864D8 /* Pods_CRAnimation_Example.framework */ = {isa = PBXFileReference; explicitFileType = wrapper.framework; includeInIndex = 0; path = Pods_CRAnimation_Example.framework; sourceTree = BUILT_PRODUCTS_DIR; };
		6003F58A195388D20070C39A /* CRAnimation_Example.app */ = {isa = PBXFileReference; explicitFileType = wrapper.application; includeInIndex = 0; path = CRAnimation_Example.app; sourceTree = BUILT_PRODUCTS_DIR; };
		6003F58D195388D20070C39A /* Foundation.framework */ = {isa = PBXFileReference; lastKnownFileType = wrapper.framework; name = Foundation.framework; path = System/Library/Frameworks/Foundation.framework; sourceTree = SDKROOT; };
		6003F58F195388D20070C39A /* CoreGraphics.framework */ = {isa = PBXFileReference; lastKnownFileType = wrapper.framework; name = CoreGraphics.framework; path = System/Library/Frameworks/CoreGraphics.framework; sourceTree = SDKROOT; };
		6003F591195388D20070C39A /* UIKit.framework */ = {isa = PBXFileReference; lastKnownFileType = wrapper.framework; name = UIKit.framework; path = System/Library/Frameworks/UIKit.framework; sourceTree = SDKROOT; };
		6003F595195388D20070C39A /* CRAnimation-Info.plist */ = {isa = PBXFileReference; lastKnownFileType = text.plist.xml; path = "CRAnimation-Info.plist"; sourceTree = "<group>"; };
		6003F597195388D20070C39A /* en */ = {isa = PBXFileReference; lastKnownFileType = text.plist.strings; name = en; path = en.lproj/InfoPlist.strings; sourceTree = "<group>"; };
		6003F599195388D20070C39A /* main.m */ = {isa = PBXFileReference; lastKnownFileType = sourcecode.c.objc; path = main.m; sourceTree = "<group>"; };
		6003F59B195388D20070C39A /* CRAnimation-Prefix.pch */ = {isa = PBXFileReference; lastKnownFileType = sourcecode.c.h; path = "CRAnimation-Prefix.pch"; sourceTree = "<group>"; };
		6003F59C195388D20070C39A /* CRAppDelegate.h */ = {isa = PBXFileReference; lastKnownFileType = sourcecode.c.h; path = CRAppDelegate.h; sourceTree = "<group>"; };
		6003F59D195388D20070C39A /* CRAppDelegate.m */ = {isa = PBXFileReference; lastKnownFileType = sourcecode.c.objc; path = CRAppDelegate.m; sourceTree = "<group>"; };
		6003F5A8195388D20070C39A /* Images.xcassets */ = {isa = PBXFileReference; lastKnownFileType = folder.assetcatalog; path = Images.xcassets; sourceTree = "<group>"; };
		6003F5AE195388D20070C39A /* CRAnimation_Tests.xctest */ = {isa = PBXFileReference; explicitFileType = wrapper.cfbundle; includeInIndex = 0; path = CRAnimation_Tests.xctest; sourceTree = BUILT_PRODUCTS_DIR; };
		6003F5AF195388D20070C39A /* XCTest.framework */ = {isa = PBXFileReference; lastKnownFileType = wrapper.framework; name = XCTest.framework; path = Library/Frameworks/XCTest.framework; sourceTree = DEVELOPER_DIR; };
		6003F5B7195388D20070C39A /* Tests-Info.plist */ = {isa = PBXFileReference; lastKnownFileType = text.plist.xml; path = "Tests-Info.plist"; sourceTree = "<group>"; };
		6003F5B9195388D20070C39A /* en */ = {isa = PBXFileReference; lastKnownFileType = text.plist.strings; name = en; path = en.lproj/InfoPlist.strings; sourceTree = "<group>"; };
		6003F5BB195388D20070C39A /* Tests.m */ = {isa = PBXFileReference; lastKnownFileType = sourcecode.c.objc; path = Tests.m; sourceTree = "<group>"; };
		606FC2411953D9B200FFA9A0 /* Tests-Prefix.pch */ = {isa = PBXFileReference; lastKnownFileType = sourcecode.c.h; path = "Tests-Prefix.pch"; sourceTree = "<group>"; };
		78F10664FBE1F9AD60E81962 /* Pods-CRAnimation_Example.debug.xcconfig */ = {isa = PBXFileReference; includeInIndex = 1; lastKnownFileType = text.xcconfig; name = "Pods-CRAnimation_Example.debug.xcconfig"; path = "Pods/Target Support Files/Pods-CRAnimation_Example/Pods-CRAnimation_Example.debug.xcconfig"; sourceTree = "<group>"; };
		973FBA1C1DB244B4003A2C7E /* UIColorExtension.swift */ = {isa = PBXFileReference; fileEncoding = 4; lastKnownFileType = sourcecode.swift; path = UIColorExtension.swift; sourceTree = "<group>"; };
		976F95561DB25275000776A6 /* CRAnimation-Bridging-Header.h */ = {isa = PBXFileReference; fileEncoding = 4; lastKnownFileType = sourcecode.c.h; path = "CRAnimation-Bridging-Header.h"; sourceTree = "<group>"; };
		CD775529C0010A6B82D84DCC /* Pods-CRAnimation_Tests.debug.xcconfig */ = {isa = PBXFileReference; includeInIndex = 1; lastKnownFileType = text.xcconfig; name = "Pods-CRAnimation_Tests.debug.xcconfig"; path = "Pods/Target Support Files/Pods-CRAnimation_Tests/Pods-CRAnimation_Tests.debug.xcconfig"; sourceTree = "<group>"; };
		E7C662237C9E60F0C433AB69 /* Pods-CRAnimation_Tests.release.xcconfig */ = {isa = PBXFileReference; includeInIndex = 1; lastKnownFileType = text.xcconfig; name = "Pods-CRAnimation_Tests.release.xcconfig"; path = "Pods/Target Support Files/Pods-CRAnimation_Tests/Pods-CRAnimation_Tests.release.xcconfig"; sourceTree = "<group>"; };
		ED36EACA1DD2AF9A0050416B /* a-diligent-worm-in-iOS.gif */ = {isa = PBXFileReference; lastKnownFileType = image.gif; path = "a-diligent-worm-in-iOS.gif"; sourceTree = "<group>"; };
		ED36EACB1DD2AF9A0050416B /* CCWormHUDDemoInfoModel.h */ = {isa = PBXFileReference; fileEncoding = 4; lastKnownFileType = sourcecode.c.h; path = CCWormHUDDemoInfoModel.h; sourceTree = "<group>"; };
		ED36EACC1DD2AF9A0050416B /* CCWormHUDDemoInfoModel.m */ = {isa = PBXFileReference; fileEncoding = 4; lastKnownFileType = sourcecode.c.objc; path = CCWormHUDDemoInfoModel.m; sourceTree = "<group>"; };
		ED36EACD1DD2AF9A0050416B /* CCWormHUDDemoVC.h */ = {isa = PBXFileReference; fileEncoding = 4; lastKnownFileType = sourcecode.c.h; path = CCWormHUDDemoVC.h; sourceTree = "<group>"; };
		ED36EACE1DD2AF9A0050416B /* CCWormHUDDemoVC.m */ = {isa = PBXFileReference; fileEncoding = 4; lastKnownFileType = sourcecode.c.objc; path = CCWormHUDDemoVC.m; sourceTree = "<group>"; };
		ED36EACF1DD2AF9A0050416B /* LICENSE.txt */ = {isa = PBXFileReference; fileEncoding = 4; lastKnownFileType = text; path = LICENSE.txt; sourceTree = "<group>"; };
		ED36EAD01DD2AF9A0050416B /* README.md */ = {isa = PBXFileReference; fileEncoding = 4; lastKnownFileType = net.daringfireball.markdown; path = README.md; sourceTree = "<group>"; };
		F220D5C14A899040CB268169 /* LICENSE */ = {isa = PBXFileReference; includeInIndex = 1; lastKnownFileType = text; name = LICENSE; path = ../LICENSE; sourceTree = "<group>"; };
/* End PBXFileReference section */

/* Begin PBXFrameworksBuildPhase section */
		6003F587195388D20070C39A /* Frameworks */ = {
			isa = PBXFrameworksBuildPhase;
			buildActionMask = 2147483647;
			files = (
				6003F590195388D20070C39A /* CoreGraphics.framework in Frameworks */,
				6003F592195388D20070C39A /* UIKit.framework in Frameworks */,
				6003F58E195388D20070C39A /* Foundation.framework in Frameworks */,
				BCFA28746AFD50F5E1BE2C1A /* Pods_CRAnimation_Example.framework in Frameworks */,
			);
			runOnlyForDeploymentPostprocessing = 0;
		};
		6003F5AB195388D20070C39A /* Frameworks */ = {
			isa = PBXFrameworksBuildPhase;
			buildActionMask = 2147483647;
			files = (
				6003F5B0195388D20070C39A /* XCTest.framework in Frameworks */,
				6003F5B2195388D20070C39A /* UIKit.framework in Frameworks */,
				6003F5B1195388D20070C39A /* Foundation.framework in Frameworks */,
				366BCD0EA1948D6414619360 /* Pods_CRAnimation_Tests.framework in Frameworks */,
			);
			runOnlyForDeploymentPostprocessing = 0;
		};
/* End PBXFrameworksBuildPhase section */

/* Begin PBXGroup section */
		0920032A1DAAA197008266B8 /* Model */ = {
			isa = PBXGroup;
			children = (
				0920032B1DAAA1A6008266B8 /* CRDemoInfoModel.h */,
				0920032C1DAAA1A6008266B8 /* CRDemoInfoModel.m */,
				092A2D081DBC9A5C00650DE1 /* CRStaffInfoModel.h */,
				092A2D091DBC9A5C00650DE1 /* CRStaffInfoModel.m */,
			);
			path = Model;
			sourceTree = "<group>";
		};
		0920032E1DAAA20B008266B8 /* Demo */ = {
			isa = PBXGroup;
			children = (
				0920033B1DAAA20B008266B8 /* WidgetDemo */,
				0920032F1DAAA20B008266B8 /* MixDemo */,
			);
			path = Demo;
			sourceTree = "<group>";
		};
		0920032F1DAAA20B008266B8 /* MixDemo */ = {
			isa = PBXGroup;
			children = (
				092A2D3A1DBCA54C00650DE1 /* C0001_CRMusicCardDemo */,
			);
			path = MixDemo;
			sourceTree = "<group>";
		};
		0920033B1DAAA20B008266B8 /* WidgetDemo */ = {
			isa = PBXGroup;
			children = (
				09D168D51DC61FFB0082C35E /* S0000_SampleDemo */,
				092A2D0B1DBCA51C00650DE1 /* S0001_CRCardAnimationViewDemo */,
				092A2D111DBCA51C00650DE1 /* S0002_CRImageGradientViewDemo */,
				092A2D181DBCA51C00650DE1 /* S0003_GifDemo */,
				092A2D5D1DBCA8DA00650DE1 /* S0004_WCLLoadingView */,
				2577514D1DC25A790019D38B /* S0005_HZLaunchView */,
				ED36EAC91DD2AF9A0050416B /* S0006_CCWormHUDDemo */,
				527FF7331DD0E9270055026D /* S0007_CRGatling */,
			);
			path = WidgetDemo;
			sourceTree = "<group>";
		};
		092003521DADC3AA008266B8 /* MainVC */ = {
			isa = PBXGroup;
			children = (
				092003531DADC3AA008266B8 /* CRViewController.h */,
				092003541DADC3AA008266B8 /* CRViewController.m */,
				092003561DADC3F2008266B8 /* CRItemBriefCollectionViewCell.h */,
				092003571DADC3F2008266B8 /* CRItemBriefCollectionViewCell.m */,
				092003611DADCE2A008266B8 /* CRItemBriefSetcionHeaderView.h */,
				092003621DADCE2A008266B8 /* CRItemBriefSetcionHeaderView.m */,
			);
			path = MainVC;
			sourceTree = "<group>";
		};
		092A2D0B1DBCA51C00650DE1 /* S0001_CRCardAnimationViewDemo */ = {
			isa = PBXGroup;
			children = (
				09EE9B9F1DBCE2E400BD81A2 /* README.md */,
				092A2D0E1DBCA51C00650DE1 /* CRCardAnimationViewDemoVC.gif */,
				092A2D0C1DBCA51C00650DE1 /* CRCardAnimationViewDemoInfoModel.h */,
				092A2D0D1DBCA51C00650DE1 /* CRCardAnimationViewDemoInfoModel.m */,
				092A2D0F1DBCA51C00650DE1 /* CRCardAnimationViewDemoVC.h */,
				092A2D101DBCA51C00650DE1 /* CRCardAnimationViewDemoVC.m */,
			);
			path = S0001_CRCardAnimationViewDemo;
			sourceTree = "<group>";
		};
		092A2D111DBCA51C00650DE1 /* S0002_CRImageGradientViewDemo */ = {
			isa = PBXGroup;
			children = (
				092A2D171DBCA51C00650DE1 /* README.md */,
				092A2D141DBCA51C00650DE1 /* CRImageGradientDemoVC.gif */,
				092A2D121DBCA51C00650DE1 /* CRImageGradientDemoInfoModel.h */,
				092A2D131DBCA51C00650DE1 /* CRImageGradientDemoInfoModel.m */,
				092A2D151DBCA51C00650DE1 /* CRImageGradientDemoVC.h */,
				092A2D161DBCA51C00650DE1 /* CRImageGradientDemoVC.m */,
			);
			path = S0002_CRImageGradientViewDemo;
			sourceTree = "<group>";
		};
		092A2D181DBCA51C00650DE1 /* S0003_GifDemo */ = {
			isa = PBXGroup;
			children = (
				092A2D1F1DBCA51C00650DE1 /* GifPlay.gif */,
				092A2D1B1DBCA51C00650DE1 /* GifDemoInfoModel.h */,
				092A2D1C1DBCA51C00650DE1 /* GifDemoInfoModel.m */,
				092A2D191DBCA51C00650DE1 /* CRYFGifDemoViewController.h */,
				092A2D1A1DBCA51C00650DE1 /* CRYFGifDemoViewController.m */,
				092A2D1D1DBCA51C00650DE1 /* GifDemoVC.h */,
				092A2D1E1DBCA51C00650DE1 /* GifDemoVC.m */,
			);
			path = S0003_GifDemo;
			sourceTree = "<group>";
		};
		092A2D3A1DBCA54C00650DE1 /* C0001_CRMusicCardDemo */ = {
			isa = PBXGroup;
			children = (
				09EE9BA11DBCEA5A00BD81A2 /* README.md */,
				092A2D431DBCA54C00650DE1 /* CRMusicCardDemoVC.gif */,
				092A2D411DBCA54C00650DE1 /* CRMusicCardDemoInfoModel.h */,
				092A2D421DBCA54C00650DE1 /* CRMusicCardDemoInfoModel.m */,
				092A2D3B1DBCA54C00650DE1 /* CRBottomPageView.h */,
				092A2D3C1DBCA54C00650DE1 /* CRBottomPageView.m */,
				092A2D3D1DBCA54C00650DE1 /* CRCardViewBack.h */,
				092A2D3E1DBCA54C00650DE1 /* CRCardViewBack.m */,
				092A2D3F1DBCA54C00650DE1 /* CRCardViewFront.h */,
				092A2D401DBCA54C00650DE1 /* CRCardViewFront.m */,
				092A2D441DBCA54C00650DE1 /* CRMusicCardDemoVC.h */,
				092A2D451DBCA54C00650DE1 /* CRMusicCardDemoVC.m */,
				092A2D461DBCA54C00650DE1 /* CRMyCardView.h */,
				092A2D471DBCA54C00650DE1 /* CRMyCardView.m */,
			);
			path = C0001_CRMusicCardDemo;
			sourceTree = "<group>";
		};
		092A2D5D1DBCA8DA00650DE1 /* S0004_WCLLoadingView */ = {
			isa = PBXGroup;
			children = (
				092A2D5E1DBCA8DA00650DE1 /* README.md */,
				092A2D5F1DBCA8DA00650DE1 /* WCLLoadingView.gif */,
				092A2D611DBCA8DA00650DE1 /* WCLLoadingViewDemoInfoModel.h */,
				092A2D621DBCA8DA00650DE1 /* WCLLoadingViewDemoInfoModel.m */,
				092A2D601DBCA8DA00650DE1 /* WCLLoadingView.swift */,
				092A2D631DBCA8DA00650DE1 /* WCLLoadingViewDemoVC.swift */,
				092A2D641DBCA8DA00650DE1 /* WCLLoadingViewDemoVC.xib */,
			);
			path = S0004_WCLLoadingView;
			sourceTree = "<group>";
		};
		0993B46A1DA9C6650012F962 /* Base */ = {
			isa = PBXGroup;
			children = (
				0993B46B1DA9C6790012F962 /* CRBaseViewController.h */,
				0993B46C1DA9C6790012F962 /* CRBaseViewController.m */,
				092003131DAA9B63008266B8 /* CRBaseNavigationViewController.h */,
				092003141DAA9B63008266B8 /* CRBaseNavigationViewController.m */,
			);
			path = Base;
			sourceTree = "<group>";
		};
		09D168D51DC61FFB0082C35E /* S0000_SampleDemo */ = {
			isa = PBXGroup;
			children = (
				09D168D61DC620210082C35E /* README.md */,
			);
			path = S0000_SampleDemo;
			sourceTree = "<group>";
		};
		2577514D1DC25A790019D38B /* S0005_HZLaunchView */ = {
			isa = PBXGroup;
			children = (
				257751541DC25B070019D38B /* HZLaunchView.gif */,
				2577514E1DC25A790019D38B /* HZLaunchViewDemoInfoModel.h */,
				2577514F1DC25A790019D38B /* HZLaunchViewDemoInfoModel.m */,
				257751501DC25A790019D38B /* HZLaunchViewDemoVC.h */,
				257751511DC25A790019D38B /* HZLaunchViewDemoVC.m */,
			);
			path = S0005_HZLaunchView;
			sourceTree = "<group>";
		};
		527FF7331DD0E9270055026D /* S0007_CRGatling */ = {
			isa = PBXGroup;
			children = (
				5247C4F71DD212320024DF8B /* GatlingProgress.gif */,
				18D8B62B1DD80BB600C6545D /* CRGatlingView.h */,
				18D8B62C1DD80BB600C6545D /* CRGatlingView.m */,
				527FF7411DD0EBB60055026D /* CRGatlingModel.h */,
				527FF7421DD0EBB60055026D /* CRGatlingModel.m */,
				527FF7391DD0E9770055026D /* CRGatlingVC.h */,
				527FF73A1DD0E9770055026D /* CRGatlingVC.m */,
			);
			path = S0007_CRGatling;
			sourceTree = "<group>";
		};
		6003F581195388D10070C39A = {
			isa = PBXGroup;
			children = (
				60FF7A9C1954A5C5007DD14C /* Podspec Metadata */,
				6003F593195388D20070C39A /* Example for CRAnimation */,
				6003F5B5195388D20070C39A /* Tests */,
				6003F58C195388D20070C39A /* Frameworks */,
				6003F58B195388D20070C39A /* Products */,
				F5EB1731A5BEC885A1A1B6B4 /* Pods */,
			);
			sourceTree = "<group>";
		};
		6003F58B195388D20070C39A /* Products */ = {
			isa = PBXGroup;
			children = (
				6003F58A195388D20070C39A /* CRAnimation_Example.app */,
				6003F5AE195388D20070C39A /* CRAnimation_Tests.xctest */,
			);
			name = Products;
			sourceTree = "<group>";
		};
		6003F58C195388D20070C39A /* Frameworks */ = {
			isa = PBXGroup;
			children = (
				6003F58D195388D20070C39A /* Foundation.framework */,
				6003F58F195388D20070C39A /* CoreGraphics.framework */,
				6003F591195388D20070C39A /* UIKit.framework */,
				6003F5AF195388D20070C39A /* XCTest.framework */,
				59F56DF0F33F6C42324864D8 /* Pods_CRAnimation_Example.framework */,
				02449F62305352FC64D71D38 /* Pods_CRAnimation_Tests.framework */,
			);
			name = Frameworks;
			sourceTree = "<group>";
		};
		6003F593195388D20070C39A /* Example for CRAnimation */ = {
			isa = PBXGroup;
			children = (
				976F95561DB25275000776A6 /* CRAnimation-Bridging-Header.h */,
				6003F59C195388D20070C39A /* CRAppDelegate.h */,
				6003F59D195388D20070C39A /* CRAppDelegate.m */,
				0920035B1DADC74F008266B8 /* CRDefines.h */,
				0920035C1DADC74F008266B8 /* CRDefines.m */,
				973FBA1B1DB244B4003A2C7E /* Extension */,
				092003521DADC3AA008266B8 /* MainVC */,
				0920032A1DAAA197008266B8 /* Model */,
				0993B46A1DA9C6650012F962 /* Base */,
				0920032E1DAAA20B008266B8 /* Demo */,
				6003F5A8195388D20070C39A /* Images.xcassets */,
				6003F594195388D20070C39A /* Supporting Files */,
			);
			name = "Example for CRAnimation";
			path = CRAnimation;
			sourceTree = "<group>";
		};
		6003F594195388D20070C39A /* Supporting Files */ = {
			isa = PBXGroup;
			children = (
				6003F595195388D20070C39A /* CRAnimation-Info.plist */,
				6003F596195388D20070C39A /* InfoPlist.strings */,
				6003F599195388D20070C39A /* main.m */,
				6003F59B195388D20070C39A /* CRAnimation-Prefix.pch */,
				09D937D51DAEAC69007694BA /* README.md */,
			);
			name = "Supporting Files";
			sourceTree = "<group>";
		};
		6003F5B5195388D20070C39A /* Tests */ = {
			isa = PBXGroup;
			children = (
				6003F5BB195388D20070C39A /* Tests.m */,
				6003F5B6195388D20070C39A /* Supporting Files */,
			);
			path = Tests;
			sourceTree = "<group>";
		};
		6003F5B6195388D20070C39A /* Supporting Files */ = {
			isa = PBXGroup;
			children = (
				6003F5B7195388D20070C39A /* Tests-Info.plist */,
				6003F5B8195388D20070C39A /* InfoPlist.strings */,
				606FC2411953D9B200FFA9A0 /* Tests-Prefix.pch */,
			);
			name = "Supporting Files";
			sourceTree = "<group>";
		};
		60FF7A9C1954A5C5007DD14C /* Podspec Metadata */ = {
			isa = PBXGroup;
			children = (
				01463020E65BA8AF1C4FB5E1 /* CRAnimation.podspec */,
				1C7FE269E5E0C0765014CB0A /* README.md */,
				F220D5C14A899040CB268169 /* LICENSE */,
			);
			name = "Podspec Metadata";
			sourceTree = "<group>";
		};
		973FBA1B1DB244B4003A2C7E /* Extension */ = {
			isa = PBXGroup;
			children = (
				973FBA1C1DB244B4003A2C7E /* UIColorExtension.swift */,
			);
			path = Extension;
			sourceTree = "<group>";
		};
		ED36EAC91DD2AF9A0050416B /* S0006_CCWormHUDDemo */ = {
			isa = PBXGroup;
			children = (
				ED36EACA1DD2AF9A0050416B /* a-diligent-worm-in-iOS.gif */,
				ED36EACB1DD2AF9A0050416B /* CCWormHUDDemoInfoModel.h */,
				ED36EACC1DD2AF9A0050416B /* CCWormHUDDemoInfoModel.m */,
				ED36EACD1DD2AF9A0050416B /* CCWormHUDDemoVC.h */,
				ED36EACE1DD2AF9A0050416B /* CCWormHUDDemoVC.m */,
				ED36EACF1DD2AF9A0050416B /* LICENSE.txt */,
				ED36EAD01DD2AF9A0050416B /* README.md */,
			);
			path = S0006_CCWormHUDDemo;
			sourceTree = "<group>";
		};
		F5EB1731A5BEC885A1A1B6B4 /* Pods */ = {
			isa = PBXGroup;
			children = (
				78F10664FBE1F9AD60E81962 /* Pods-CRAnimation_Example.debug.xcconfig */,
				0EE5779AF28D42163CC3E896 /* Pods-CRAnimation_Example.release.xcconfig */,
				CD775529C0010A6B82D84DCC /* Pods-CRAnimation_Tests.debug.xcconfig */,
				E7C662237C9E60F0C433AB69 /* Pods-CRAnimation_Tests.release.xcconfig */,
			);
			name = Pods;
			sourceTree = "<group>";
		};
/* End PBXGroup section */

/* Begin PBXNativeTarget section */
		6003F589195388D20070C39A /* CRAnimation_Example */ = {
			isa = PBXNativeTarget;
			buildConfigurationList = 6003F5BF195388D20070C39A /* Build configuration list for PBXNativeTarget "CRAnimation_Example" */;
			buildPhases = (
				F61F1CF0251B4B6FE81CC64F /* [CP] Check Pods Manifest.lock */,
				6003F586195388D20070C39A /* Sources */,
				6003F587195388D20070C39A /* Frameworks */,
				6003F588195388D20070C39A /* Resources */,
				034C6F1DAECBD9FE755A8CB3 /* [CP] Embed Pods Frameworks */,
				4143EC936961473DBD4268D8 /* [CP] Copy Pods Resources */,
			);
			buildRules = (
			);
			dependencies = (
			);
			name = CRAnimation_Example;
			productName = CRAnimation;
			productReference = 6003F58A195388D20070C39A /* CRAnimation_Example.app */;
			productType = "com.apple.product-type.application";
		};
		6003F5AD195388D20070C39A /* CRAnimation_Tests */ = {
			isa = PBXNativeTarget;
			buildConfigurationList = 6003F5C2195388D20070C39A /* Build configuration list for PBXNativeTarget "CRAnimation_Tests" */;
			buildPhases = (
				2B96F60F53AEFA467AAE7928 /* [CP] Check Pods Manifest.lock */,
				6003F5AA195388D20070C39A /* Sources */,
				6003F5AB195388D20070C39A /* Frameworks */,
				6003F5AC195388D20070C39A /* Resources */,
				F631833200D3FB37A9A6F0BA /* [CP] Embed Pods Frameworks */,
				1B88A392EE36004B911876A9 /* [CP] Copy Pods Resources */,
			);
			buildRules = (
			);
			dependencies = (
				6003F5B4195388D20070C39A /* PBXTargetDependency */,
			);
			name = CRAnimation_Tests;
			productName = CRAnimationTests;
			productReference = 6003F5AE195388D20070C39A /* CRAnimation_Tests.xctest */;
			productType = "com.apple.product-type.bundle.unit-test";
		};
/* End PBXNativeTarget section */

/* Begin PBXProject section */
		6003F582195388D10070C39A /* Project object */ = {
			isa = PBXProject;
			attributes = {
				CLASSPREFIX = CR;
				LastUpgradeCheck = 0800;
				ORGANIZATIONNAME = BearRan;
				TargetAttributes = {
					6003F589195388D20070C39A = {
						DevelopmentTeam = 28R7P5U993;
						LastSwiftMigration = 0800;
						ProvisioningStyle = Manual;
					};
					6003F5AD195388D20070C39A = {
						LastSwiftMigration = 0800;
						TestTargetID = 6003F589195388D20070C39A;
					};
				};
			};
			buildConfigurationList = 6003F585195388D10070C39A /* Build configuration list for PBXProject "CRAnimation" */;
			compatibilityVersion = "Xcode 3.2";
			developmentRegion = English;
			hasScannedForEncodings = 0;
			knownRegions = (
				en,
				Base,
			);
			mainGroup = 6003F581195388D10070C39A;
			productRefGroup = 6003F58B195388D20070C39A /* Products */;
			projectDirPath = "";
			projectRoot = "";
			targets = (
				6003F589195388D20070C39A /* CRAnimation_Example */,
				6003F5AD195388D20070C39A /* CRAnimation_Tests */,
			);
		};
/* End PBXProject section */

/* Begin PBXResourcesBuildPhase section */
		6003F588195388D20070C39A /* Resources */ = {
			isa = PBXResourcesBuildPhase;
			buildActionMask = 2147483647;
			files = (
				6003F5A9195388D20070C39A /* Images.xcassets in Resources */,
				092A2D2D1DBCA51C00650DE1 /* CRImageGradientDemoVC.gif in Resources */,
				092A2D661DBCA8DA00650DE1 /* WCLLoadingView.gif in Resources */,
				257751551DC25B070019D38B /* HZLaunchView.gif in Resources */,
				5247C4F81DD212320024DF8B /* GatlingProgress.gif in Resources */,
				092A2D2A1DBCA51C00650DE1 /* CRCardAnimationViewDemoVC.gif in Resources */,
				092A2D331DBCA51C00650DE1 /* GifPlay.gif in Resources */,
				ED36EAD11DD2AF9A0050416B /* a-diligent-worm-in-iOS.gif in Resources */,
				6003F598195388D20070C39A /* InfoPlist.strings in Resources */,
				092A2D6A1DBCA8DA00650DE1 /* WCLLoadingViewDemoVC.xib in Resources */,
				ED36EAD41DD2AF9B0050416B /* LICENSE.txt in Resources */,
				092A2D4C1DBCA54C00650DE1 /* CRMusicCardDemoVC.gif in Resources */,
			);
			runOnlyForDeploymentPostprocessing = 0;
		};
		6003F5AC195388D20070C39A /* Resources */ = {
			isa = PBXResourcesBuildPhase;
			buildActionMask = 2147483647;
			files = (
				6003F5BA195388D20070C39A /* InfoPlist.strings in Resources */,
			);
			runOnlyForDeploymentPostprocessing = 0;
		};
/* End PBXResourcesBuildPhase section */

/* Begin PBXShellScriptBuildPhase section */
		034C6F1DAECBD9FE755A8CB3 /* [CP] Embed Pods Frameworks */ = {
			isa = PBXShellScriptBuildPhase;
			buildActionMask = 2147483647;
			files = (
			);
			inputPaths = (
			);
			name = "[CP] Embed Pods Frameworks";
			outputPaths = (
			);
			runOnlyForDeploymentPostprocessing = 0;
			shellPath = /bin/sh;
			shellScript = "\"${SRCROOT}/Pods/Target Support Files/Pods-CRAnimation_Example/Pods-CRAnimation_Example-frameworks.sh\"\n";
			showEnvVarsInLog = 0;
		};
		1B88A392EE36004B911876A9 /* [CP] Copy Pods Resources */ = {
			isa = PBXShellScriptBuildPhase;
			buildActionMask = 2147483647;
			files = (
			);
			inputPaths = (
			);
			name = "[CP] Copy Pods Resources";
			outputPaths = (
			);
			runOnlyForDeploymentPostprocessing = 0;
			shellPath = /bin/sh;
			shellScript = "\"${SRCROOT}/Pods/Target Support Files/Pods-CRAnimation_Tests/Pods-CRAnimation_Tests-resources.sh\"\n";
			showEnvVarsInLog = 0;
		};
		2B96F60F53AEFA467AAE7928 /* [CP] Check Pods Manifest.lock */ = {
			isa = PBXShellScriptBuildPhase;
			buildActionMask = 2147483647;
			files = (
			);
			inputPaths = (
			);
			name = "[CP] Check Pods Manifest.lock";
			outputPaths = (
			);
			runOnlyForDeploymentPostprocessing = 0;
			shellPath = /bin/sh;
			shellScript = "diff \"${PODS_ROOT}/../Podfile.lock\" \"${PODS_ROOT}/Manifest.lock\" > /dev/null\nif [[ $? != 0 ]] ; then\n    cat << EOM\nerror: The sandbox is not in sync with the Podfile.lock. Run 'pod install' or update your CocoaPods installation.\nEOM\n    exit 1\nfi\n";
			showEnvVarsInLog = 0;
		};
		4143EC936961473DBD4268D8 /* [CP] Copy Pods Resources */ = {
			isa = PBXShellScriptBuildPhase;
			buildActionMask = 2147483647;
			files = (
			);
			inputPaths = (
			);
			name = "[CP] Copy Pods Resources";
			outputPaths = (
			);
			runOnlyForDeploymentPostprocessing = 0;
			shellPath = /bin/sh;
			shellScript = "\"${SRCROOT}/Pods/Target Support Files/Pods-CRAnimation_Example/Pods-CRAnimation_Example-resources.sh\"\n";
			showEnvVarsInLog = 0;
		};
		F61F1CF0251B4B6FE81CC64F /* [CP] Check Pods Manifest.lock */ = {
			isa = PBXShellScriptBuildPhase;
			buildActionMask = 2147483647;
			files = (
			);
			inputPaths = (
			);
			name = "[CP] Check Pods Manifest.lock";
			outputPaths = (
			);
			runOnlyForDeploymentPostprocessing = 0;
			shellPath = /bin/sh;
			shellScript = "diff \"${PODS_ROOT}/../Podfile.lock\" \"${PODS_ROOT}/Manifest.lock\" > /dev/null\nif [[ $? != 0 ]] ; then\n    cat << EOM\nerror: The sandbox is not in sync with the Podfile.lock. Run 'pod install' or update your CocoaPods installation.\nEOM\n    exit 1\nfi\n";
			showEnvVarsInLog = 0;
		};
		F631833200D3FB37A9A6F0BA /* [CP] Embed Pods Frameworks */ = {
			isa = PBXShellScriptBuildPhase;
			buildActionMask = 2147483647;
			files = (
			);
			inputPaths = (
			);
			name = "[CP] Embed Pods Frameworks";
			outputPaths = (
			);
			runOnlyForDeploymentPostprocessing = 0;
			shellPath = /bin/sh;
			shellScript = "\"${SRCROOT}/Pods/Target Support Files/Pods-CRAnimation_Tests/Pods-CRAnimation_Tests-frameworks.sh\"\n";
			showEnvVarsInLog = 0;
		};
/* End PBXShellScriptBuildPhase section */

/* Begin PBXSourcesBuildPhase section */
		6003F586195388D20070C39A /* Sources */ = {
			isa = PBXSourcesBuildPhase;
			buildActionMask = 2147483647;
			files = (
				092A2D4D1DBCA54C00650DE1 /* CRMusicCardDemoVC.m in Sources */,
				ED36EAD21DD2AF9A0050416B /* CCWormHUDDemoInfoModel.m in Sources */,
				ED36EAD31DD2AF9B0050416B /* CCWormHUDDemoVC.m in Sources */,
				092A2D2B1DBCA51C00650DE1 /* CRCardAnimationViewDemoVC.m in Sources */,
				6003F59E195388D20070C39A /* CRAppDelegate.m in Sources */,
				092003551DADC3AA008266B8 /* CRViewController.m in Sources */,
				09EE9BA21DBCEA5A00BD81A2 /* README.md in Sources */,
				18D8B62D1DD80BB600C6545D /* CRGatlingView.m in Sources */,
				092A2D651DBCA8DA00650DE1 /* README.md in Sources */,
				0920035D1DADC74F008266B8 /* CRDefines.m in Sources */,
				092A2D2E1DBCA51C00650DE1 /* CRImageGradientDemoVC.m in Sources */,
				092A2D0A1DBC9A5C00650DE1 /* CRStaffInfoModel.m in Sources */,
				092A2D691DBCA8DA00650DE1 /* WCLLoadingViewDemoVC.swift in Sources */,
				0920032D1DAAA1A6008266B8 /* CRDemoInfoModel.m in Sources */,
				092A2D681DBCA8DA00650DE1 /* WCLLoadingViewDemoInfoModel.m in Sources */,
				092A2D4B1DBCA54C00650DE1 /* CRMusicCardDemoInfoModel.m in Sources */,
				09EE9BA01DBCE2E400BD81A2 /* README.md in Sources */,
				6003F59A195388D20070C39A /* main.m in Sources */,
				092A2D491DBCA54C00650DE1 /* CRCardViewBack.m in Sources */,
				257751521DC25A790019D38B /* HZLaunchViewDemoInfoModel.m in Sources */,
				092A2D671DBCA8DA00650DE1 /* WCLLoadingView.swift in Sources */,
				092A2D301DBCA51C00650DE1 /* CRYFGifDemoViewController.m in Sources */,
				092A2D2C1DBCA51C00650DE1 /* CRImageGradientDemoInfoModel.m in Sources */,
				527FF7431DD0EBB60055026D /* CRGatlingModel.m in Sources */,
				092003151DAA9B63008266B8 /* CRBaseNavigationViewController.m in Sources */,
				092A2D481DBCA54C00650DE1 /* CRBottomPageView.m in Sources */,
				092A2D4A1DBCA54C00650DE1 /* CRCardViewFront.m in Sources */,
				092A2D291DBCA51C00650DE1 /* CRCardAnimationViewDemoInfoModel.m in Sources */,
				973FBA1D1DB244B4003A2C7E /* UIColorExtension.swift in Sources */,
				0993B46D1DA9C6790012F962 /* CRBaseViewController.m in Sources */,
				092003581DADC3F2008266B8 /* CRItemBriefCollectionViewCell.m in Sources */,
				ED36EAD51DD2AF9B0050416B /* README.md in Sources */,
				527FF73C1DD0E9770055026D /* CRGatlingVC.m in Sources */,
				092A2D4E1DBCA54C00650DE1 /* CRMyCardView.m in Sources */,
				09D168D81DC620210082C35E /* README.md in Sources */,
				092003631DADCE2A008266B8 /* CRItemBriefSetcionHeaderView.m in Sources */,
				092A2D311DBCA51C00650DE1 /* GifDemoInfoModel.m in Sources */,
				257751531DC25A790019D38B /* HZLaunchViewDemoVC.m in Sources */,
				092A2D2F1DBCA51C00650DE1 /* README.md in Sources */,
				092A2D321DBCA51C00650DE1 /* GifDemoVC.m in Sources */,
			);
			runOnlyForDeploymentPostprocessing = 0;
		};
		6003F5AA195388D20070C39A /* Sources */ = {
			isa = PBXSourcesBuildPhase;
			buildActionMask = 2147483647;
			files = (
				6003F5BC195388D20070C39A /* Tests.m in Sources */,
			);
			runOnlyForDeploymentPostprocessing = 0;
		};
/* End PBXSourcesBuildPhase section */

/* Begin PBXTargetDependency section */
		6003F5B4195388D20070C39A /* PBXTargetDependency */ = {
			isa = PBXTargetDependency;
			target = 6003F589195388D20070C39A /* CRAnimation_Example */;
			targetProxy = 6003F5B3195388D20070C39A /* PBXContainerItemProxy */;
		};
/* End PBXTargetDependency section */

/* Begin PBXVariantGroup section */
		6003F596195388D20070C39A /* InfoPlist.strings */ = {
			isa = PBXVariantGroup;
			children = (
				6003F597195388D20070C39A /* en */,
			);
			name = InfoPlist.strings;
			sourceTree = "<group>";
		};
		6003F5B8195388D20070C39A /* InfoPlist.strings */ = {
			isa = PBXVariantGroup;
			children = (
				6003F5B9195388D20070C39A /* en */,
			);
			name = InfoPlist.strings;
			sourceTree = "<group>";
		};
/* End PBXVariantGroup section */

/* Begin XCBuildConfiguration section */
		6003F5BD195388D20070C39A /* Debug */ = {
			isa = XCBuildConfiguration;
			buildSettings = {
				ALWAYS_SEARCH_USER_PATHS = NO;
				CLANG_CXX_LANGUAGE_STANDARD = "gnu++0x";
				CLANG_CXX_LIBRARY = "libc++";
				CLANG_ENABLE_MODULES = YES;
				CLANG_ENABLE_OBJC_ARC = YES;
				CLANG_WARN_BOOL_CONVERSION = YES;
				CLANG_WARN_CONSTANT_CONVERSION = YES;
				CLANG_WARN_DIRECT_OBJC_ISA_USAGE = YES_ERROR;
				CLANG_WARN_EMPTY_BODY = YES;
				CLANG_WARN_ENUM_CONVERSION = YES;
				CLANG_WARN_INFINITE_RECURSION = YES;
				CLANG_WARN_INT_CONVERSION = YES;
				CLANG_WARN_OBJC_ROOT_CLASS = YES_ERROR;
				CLANG_WARN_SUSPICIOUS_MOVE = YES;
				CLANG_WARN_UNREACHABLE_CODE = YES;
				CLANG_WARN__DUPLICATE_METHOD_MATCH = YES;
				"CODE_SIGN_IDENTITY[sdk=iphoneos*]" = "iPhone Developer";
				COPY_PHASE_STRIP = NO;
				ENABLE_STRICT_OBJC_MSGSEND = YES;
				ENABLE_TESTABILITY = YES;
				GCC_C_LANGUAGE_STANDARD = gnu99;
				GCC_DYNAMIC_NO_PIC = NO;
				GCC_NO_COMMON_BLOCKS = YES;
				GCC_OPTIMIZATION_LEVEL = 0;
				GCC_PREPROCESSOR_DEFINITIONS = (
					"DEBUG=1",
					"$(inherited)",
				);
				GCC_SYMBOLS_PRIVATE_EXTERN = NO;
				GCC_WARN_64_TO_32_BIT_CONVERSION = YES;
				GCC_WARN_ABOUT_RETURN_TYPE = YES_ERROR;
				GCC_WARN_UNDECLARED_SELECTOR = YES;
				GCC_WARN_UNINITIALIZED_AUTOS = YES_AGGRESSIVE;
				GCC_WARN_UNUSED_FUNCTION = YES;
				GCC_WARN_UNUSED_VARIABLE = YES;
				IPHONEOS_DEPLOYMENT_TARGET = 8.3;
				ONLY_ACTIVE_ARCH = YES;
				SDKROOT = iphoneos;
				TARGETED_DEVICE_FAMILY = "1,2";
			};
			name = Debug;
		};
		6003F5BE195388D20070C39A /* Release */ = {
			isa = XCBuildConfiguration;
			buildSettings = {
				ALWAYS_SEARCH_USER_PATHS = NO;
				CLANG_CXX_LANGUAGE_STANDARD = "gnu++0x";
				CLANG_CXX_LIBRARY = "libc++";
				CLANG_ENABLE_MODULES = YES;
				CLANG_ENABLE_OBJC_ARC = YES;
				CLANG_WARN_BOOL_CONVERSION = YES;
				CLANG_WARN_CONSTANT_CONVERSION = YES;
				CLANG_WARN_DIRECT_OBJC_ISA_USAGE = YES_ERROR;
				CLANG_WARN_EMPTY_BODY = YES;
				CLANG_WARN_ENUM_CONVERSION = YES;
				CLANG_WARN_INFINITE_RECURSION = YES;
				CLANG_WARN_INT_CONVERSION = YES;
				CLANG_WARN_OBJC_ROOT_CLASS = YES_ERROR;
				CLANG_WARN_SUSPICIOUS_MOVE = YES;
				CLANG_WARN_UNREACHABLE_CODE = YES;
				CLANG_WARN__DUPLICATE_METHOD_MATCH = YES;
				"CODE_SIGN_IDENTITY[sdk=iphoneos*]" = "iPhone Developer";
				COPY_PHASE_STRIP = YES;
				ENABLE_NS_ASSERTIONS = NO;
				ENABLE_STRICT_OBJC_MSGSEND = YES;
				GCC_C_LANGUAGE_STANDARD = gnu99;
				GCC_NO_COMMON_BLOCKS = YES;
				GCC_WARN_64_TO_32_BIT_CONVERSION = YES;
				GCC_WARN_ABOUT_RETURN_TYPE = YES_ERROR;
				GCC_WARN_UNDECLARED_SELECTOR = YES;
				GCC_WARN_UNINITIALIZED_AUTOS = YES_AGGRESSIVE;
				GCC_WARN_UNUSED_FUNCTION = YES;
				GCC_WARN_UNUSED_VARIABLE = YES;
				IPHONEOS_DEPLOYMENT_TARGET = 8.3;
				SDKROOT = iphoneos;
				SWIFT_OPTIMIZATION_LEVEL = "-Owholemodule";
				TARGETED_DEVICE_FAMILY = "1,2";
				VALIDATE_PRODUCT = YES;
			};
			name = Release;
		};
		6003F5C0195388D20070C39A /* Debug */ = {
			isa = XCBuildConfiguration;
			baseConfigurationReference = 78F10664FBE1F9AD60E81962 /* Pods-CRAnimation_Example.debug.xcconfig */;
			buildSettings = {
				ASSETCATALOG_COMPILER_APPICON_NAME = AppIcon;
				ASSETCATALOG_COMPILER_LAUNCHIMAGE_NAME = LaunchImage;
				DEVELOPMENT_TEAM = 28R7P5U993;
				GCC_PRECOMPILE_PREFIX_HEADER = YES;
				GCC_PREFIX_HEADER = "CRAnimation/CRAnimation-Prefix.pch";
				INFOPLIST_FILE = "CRAnimation/CRAnimation-Info.plist";
				IPHONEOS_DEPLOYMENT_TARGET = 8.0;
				MODULE_NAME = ExampleApp;
				PRODUCT_BUNDLE_IDENTIFIER = com.crossStreet.forDevelopment;
				PRODUCT_NAME = "$(TARGET_NAME)";
				PROVISIONING_PROFILE = "469a68e7-2aa4-420d-aa90-f2726a23598e";
				PROVISIONING_PROFILE_SPECIFIER = crossStreet_dev_05;
				SWIFT_OBJC_BRIDGING_HEADER = "CRAnimation/CRAnimation-Bridging-Header.h";
				SWIFT_VERSION = 3.0;
				WRAPPER_EXTENSION = app;
			};
			name = Debug;
		};
		6003F5C1195388D20070C39A /* Release */ = {
			isa = XCBuildConfiguration;
			baseConfigurationReference = 0EE5779AF28D42163CC3E896 /* Pods-CRAnimation_Example.release.xcconfig */;
			buildSettings = {
				ASSETCATALOG_COMPILER_APPICON_NAME = AppIcon;
				ASSETCATALOG_COMPILER_LAUNCHIMAGE_NAME = LaunchImage;
				DEVELOPMENT_TEAM = "";
				GCC_PRECOMPILE_PREFIX_HEADER = YES;
				GCC_PREFIX_HEADER = "CRAnimation/CRAnimation-Prefix.pch";
				INFOPLIST_FILE = "CRAnimation/CRAnimation-Info.plist";
				IPHONEOS_DEPLOYMENT_TARGET = 8.0;
				MODULE_NAME = ExampleApp;
				PRODUCT_BUNDLE_IDENTIFIER = com.crossStreet.forDevelopment;
				PRODUCT_NAME = "$(TARGET_NAME)";
				SWIFT_OBJC_BRIDGING_HEADER = "CRAnimation/CRAnimation-Bridging-Header.h";
				SWIFT_VERSION = 3.0;
				WRAPPER_EXTENSION = app;
			};
			name = Release;
		};
		6003F5C3195388D20070C39A /* Debug */ = {
			isa = XCBuildConfiguration;
			baseConfigurationReference = CD775529C0010A6B82D84DCC /* Pods-CRAnimation_Tests.debug.xcconfig */;
			buildSettings = {
				ALWAYS_EMBED_SWIFT_STANDARD_LIBRARIES = YES;
				BUNDLE_LOADER = "$(TEST_HOST)";
				FRAMEWORK_SEARCH_PATHS = (
					"$(SDKROOT)/Developer/Library/Frameworks",
					"$(inherited)",
					"$(DEVELOPER_FRAMEWORKS_DIR)",
				);
				GCC_PRECOMPILE_PREFIX_HEADER = YES;
				GCC_PREFIX_HEADER = "Tests/Tests-Prefix.pch";
				GCC_PREPROCESSOR_DEFINITIONS = (
					"DEBUG=1",
					"$(inherited)",
				);
				INFOPLIST_FILE = "Tests/Tests-Info.plist";
				PRODUCT_BUNDLE_IDENTIFIER = "org.cocoapods.demo.${PRODUCT_NAME:rfc1034identifier}";
				PRODUCT_NAME = "$(TARGET_NAME)";
				SWIFT_VERSION = 3.0;
				TEST_HOST = "$(BUILT_PRODUCTS_DIR)/CRAnimation_Example.app/CRAnimation_Example";
				WRAPPER_EXTENSION = xctest;
			};
			name = Debug;
		};
		6003F5C4195388D20070C39A /* Release */ = {
			isa = XCBuildConfiguration;
			baseConfigurationReference = E7C662237C9E60F0C433AB69 /* Pods-CRAnimation_Tests.release.xcconfig */;
			buildSettings = {
				ALWAYS_EMBED_SWIFT_STANDARD_LIBRARIES = YES;
				BUNDLE_LOADER = "$(TEST_HOST)";
				FRAMEWORK_SEARCH_PATHS = (
					"$(SDKROOT)/Developer/Library/Frameworks",
					"$(inherited)",
					"$(DEVELOPER_FRAMEWORKS_DIR)",
				);
				GCC_PRECOMPILE_PREFIX_HEADER = YES;
				GCC_PREFIX_HEADER = "Tests/Tests-Prefix.pch";
				INFOPLIST_FILE = "Tests/Tests-Info.plist";
				PRODUCT_BUNDLE_IDENTIFIER = "org.cocoapods.demo.${PRODUCT_NAME:rfc1034identifier}";
				PRODUCT_NAME = "$(TARGET_NAME)";
				SWIFT_VERSION = 3.0;
				TEST_HOST = "$(BUILT_PRODUCTS_DIR)/CRAnimation_Example.app/CRAnimation_Example";
				WRAPPER_EXTENSION = xctest;
			};
			name = Release;
		};
/* End XCBuildConfiguration section */

/* Begin XCConfigurationList section */
		6003F585195388D10070C39A /* Build configuration list for PBXProject "CRAnimation" */ = {
			isa = XCConfigurationList;
			buildConfigurations = (
				6003F5BD195388D20070C39A /* Debug */,
				6003F5BE195388D20070C39A /* Release */,
			);
			defaultConfigurationIsVisible = 0;
			defaultConfigurationName = Release;
		};
		6003F5BF195388D20070C39A /* Build configuration list for PBXNativeTarget "CRAnimation_Example" */ = {
			isa = XCConfigurationList;
			buildConfigurations = (
				6003F5C0195388D20070C39A /* Debug */,
				6003F5C1195388D20070C39A /* Release */,
			);
			defaultConfigurationIsVisible = 0;
			defaultConfigurationName = Release;
		};
		6003F5C2195388D20070C39A /* Build configuration list for PBXNativeTarget "CRAnimation_Tests" */ = {
			isa = XCConfigurationList;
			buildConfigurations = (
				6003F5C3195388D20070C39A /* Debug */,
				6003F5C4195388D20070C39A /* Release */,
			);
			defaultConfigurationIsVisible = 0;
			defaultConfigurationName = Release;
		};
/* End XCConfigurationList section */
	};
	rootObject = 6003F582195388D10070C39A /* Project object */;
}
